{
  "name": "NavigationTutorial",
  "version": "1.0.0",
  "lockfileVersion": 3,
  "requires": true,
  "packages": {
    "": {
      "name": "NavigationTutorial",
      "version": "1.0.0",
      "dependencies": {
        "@openui5/sap.m": "^1",
        "@openui5/sap.ui.core": "^1",
        "@openui5/themelib_sap_fiori_3": "^1"
      }
    },
    "node_modules/@openui5/sap.m": {
      "version": "1.109.0",
      "resolved": "https://registry.npmjs.org/@openui5/sap.m/-/sap.m-1.109.0.tgz",
      "integrity": "sha512-7hagAZjxihoiT8SIM9TDKBY4AR8eWVC5umJzP1xr7CCpxI14KtmQjHmUilvPqT+LquyAMAANPoBuYCl0VgJhIA==",
      "dependencies": {
        "@openui5/sap.ui.core": "1.109.0",
        "@openui5/sap.ui.layout": "1.109.0",
        "@openui5/sap.ui.unified": "1.109.0"
      }
    },
    "node_modules/@openui5/sap.ui.core": {
      "version": "1.109.0",
      "resolved": "https://registry.npmjs.org/@openui5/sap.ui.core/-/sap.ui.core-1.109.0.tgz",
      "integrity": "sha512-s0chMgOy3RRLElil2vDNcAhEy1UVmbGUNXq35O492R1BHQ+4zwf6SYWfAETsnlljEmXuYrCjb2rpwAHz68KTqQ=="
    },
    "node_modules/@openui5/sap.ui.layout": {
      "version": "1.109.0",
      "resolved": "https://registry.npmjs.org/@openui5/sap.ui.layout/-/sap.ui.layout-1.109.0.tgz",
      "integrity": "sha512-Ye7uK6BQ9qB6UKqu7ZFcCLYyTudd4e8n4DF8Oikld00I7OFpJJzh0vBYASRhBlqWmRhlgnyaWIEDnauU2f1Fww==",
      "dependencies": {
        "@openui5/sap.ui.core": "1.109.0"
      }
    },
    "node_modules/@openui5/sap.ui.unified": {
      "version": "1.109.0",
      "resolved": "https://registry.npmjs.org/@openui5/sap.ui.unified/-/sap.ui.unified-1.109.0.tgz",
      "integrity": "sha512-VLEvHdlRQ+zj6dHXouBjC8+J4o3qMP6Eqnvk8wzrNskQ7ST4b7DXeGuOnQuYoZjwDtpwN7SHj8f5YKUJWtre5g==",
      "dependencies": {
        "@openui5/sap.ui.core": "1.109.0"
      }
    },
    "node_modules/@openui5/themelib_sap_fiori_3": {
      "version": "1.109.0",
      "resolved": "https://registry.npmjs.org/@openui5/themelib_sap_fiori_3/-/themelib_sap_fiori_3-1.109.0.tgz",
      "integrity": "sha512-4XlRqZdiqvroPF407vWI76YK8RnALKZc9TSWYGHU2G6zSJIpXbEgVI99+2S30oSyqvUMU7JBvXpSsNO+GfJsKQ=="
    }
  }
}
